
Microsoft Visual Studio Solution File, Format Version 12.00
# Visual Studio Version 16
VisualStudioVersion = 16.0.30104.148
MinimumVisualStudioVersion = 10.0.40219.1
Project("{FAE04EC0-301F-11D3-BF4B-00C04F79EFBC}") = "CryptoAzureFunctions", "CryptoAzureFunctions\CryptoAzureFunctions.csproj", "{F0E13D4F-81EE-441A-B933-BB68265FB09A}"
EndProject
Global
	GlobalSection(SolutionConfigurationPlatforms) = preSolution
		Debug|Any CPU = Debug|Any CPU
		Release|Any CPU = Release|Any CPU
	EndGlobalSection
	GlobalSection(ProjectConfigurationPlatforms) = postSolution
		{F0E13D4F-81EE-441A-B933-BB68265FB09A}.Debug|Any CPU.ActiveCfg = Debug|Any CPU
		{F0E13D4F-81EE-441A-B933-BB68265FB09A}.Debug|Any CPU.Build.0 = Debug|Any CPU
		{F0E13D4F-81EE-441A-B933-BB68265FB09A}.Release|Any CPU.ActiveCfg = Release|Any CPU
		{F0E13D4F-81EE-441A-B933-BB68265FB09A}.Release|Any CPU.Build.0 = Release|Any CPU
	EndGlobalSection
	GlobalSection(SolutionProperties) = preSolution
		HideSolutionNode = FALSE
	EndGlobalSection
	GlobalSection(ExtensibilityGlobals) = postSolution
		SolutionGuid = {42E78872-CF24-4214-9F05-E0D130EF480E}
	EndGlobalSection
EndGlobal
